
Microsoft Visual Studio Solution File, Format Version 12.00
# Visual Studio Version 17
VisualStudioVersion = 17.11.35327.3
MinimumVisualStudioVersion = 10.0.40219.1
Project("{FAE04EC0-301F-11D3-BF4B-00C04F79EFBC}") = "IdeaCenterExamPrep", "IdeaCenterExamPrep\IdeaCenterExamPrep.csproj", "{C0EE094A-7918-4D7A-A3B4-A37B01248196}"
EndProject
Global
	GlobalSection(SolutionConfigurationPlatforms) = preSolution
		Debug|Any CPU = Debug|Any CPU
		Release|Any CPU = Release|Any CPU
	EndGlobalSection
	GlobalSection(ProjectConfigurationPlatforms) = postSolution
		{C0EE094A-7918-4D7A-A3B4-A37B01248196}.Debug|Any CPU.ActiveCfg = Debug|Any CPU
		{C0EE094A-7918-4D7A-A3B4-A37B01248196}.Debug|Any CPU.Build.0 = Debug|Any CPU
		{C0EE094A-7918-4D7A-A3B4-A37B01248196}.Release|Any CPU.ActiveCfg = Release|Any CPU
		{C0EE094A-7918-4D7A-A3B4-A37B01248196}.Release|Any CPU.Build.0 = Release|Any CPU
	EndGlobalSection
	GlobalSection(SolutionProperties) = preSolution
		HideSolutionNode = FALSE
	EndGlobalSection
	GlobalSection(ExtensibilityGlobals) = postSolution
		SolutionGuid = {2AA5EBDE-7FDB-40C7-A76B-CCC055538305}
	EndGlobalSection
EndGlobal
